
Microsoft Visual Studio Solution File, Format Version 12.00
# Visual Studio Version 17
VisualStudioVersion = 17.11.35327.3
MinimumVisualStudioVersion = 10.0.40219.1
Project("{FAE04EC0-301F-11D3-BF4B-00C04F79EFBC}") = "OpenStackAPI_Web", "OpenStackAPI_Web\OpenStackAPI_Web.csproj", "{0B1624E0-213D-4A67-B6EA-957FABDF98DB}"
EndProject
Global
	GlobalSection(SolutionConfigurationPlatforms) = preSolution
		Debug|Any CPU = Debug|Any CPU
		Release|Any CPU = Release|Any CPU
	EndGlobalSection
	GlobalSection(ProjectConfigurationPlatforms) = postSolution
		{0B1624E0-213D-4A67-B6EA-957FABDF98DB}.Debug|Any CPU.ActiveCfg = Debug|Any CPU
		{0B1624E0-213D-4A67-B6EA-957FABDF98DB}.Debug|Any CPU.Build.0 = Debug|Any CPU
		{0B1624E0-213D-4A67-B6EA-957FABDF98DB}.Release|Any CPU.ActiveCfg = Release|Any CPU
		{0B1624E0-213D-4A67-B6EA-957FABDF98DB}.Release|Any CPU.Build.0 = Release|Any CPU
	EndGlobalSection
	GlobalSection(SolutionProperties) = preSolution
		HideSolutionNode = FALSE
	EndGlobalSection
	GlobalSection(ExtensibilityGlobals) = postSolution
		SolutionGuid = {B8AF9369-D56D-462F-A639-F447409D5934}
	EndGlobalSection
EndGlobal
